
Microsoft Visual Studio Solution File, Format Version 12.00
# Visual Studio Version 17
VisualStudioVersion = 17.5.002.0
MinimumVisualStudioVersion = 10.0.40219.1
Project("{2150E333-8FDC-42A3-9474-1A3956D46DE8}") = "creational-patterns", "creational-patterns", "{9877D0F2-3C81-4574-806D-2CF86039A965}"
EndProject
Project("{2150E333-8FDC-42A3-9474-1A3956D46DE8}") = "abstract-factory", "abstract-factory", "{7D6EDF8A-E823-4047-A16B-E3B8E84696CA}"
EndProject
Project("{9A19103F-16F7-4668-BE54-9A1E7A4F7556}") = "abstract-factory-animals", "creational-patterns\abstract-factory\abstract-factory-animals\abstract-factory-animals.csproj", "{B368EAA7-E5D4-4FA0-A115-D614967AAA80}"
EndProject
Project("{9A19103F-16F7-4668-BE54-9A1E7A4F7556}") = "abstract-factory-generic", "creational-patterns\abstract-factory\abstract-factory-generic\abstract-factory-generic.csproj", "{C1B1BF52-E1DA-4A87-B522-7BFCF71E887F}"
EndProject
Project("{2150E333-8FDC-42A3-9474-1A3956D46DE8}") = "builder", "builder", "{8277E16B-E4B6-4386-A904-CE556E60BE76}"
EndProject
Project("{9A19103F-16F7-4668-BE54-9A1E7A4F7556}") = "builder-generic", "creational-patterns\builder\builder-generic\builder-generic.csproj", "{8B03CFB2-6BF3-4FC2-8210-7C0F8C8505E4}"
EndProject
Project("{9A19103F-16F7-4668-BE54-9A1E7A4F7556}") = "builder-sushi", "creational-patterns\builder\builder-sushi\builder-sushi.csproj", "{6DA68010-8873-45E6-A162-A944429F669E}"
EndProject
Project("{2150E333-8FDC-42A3-9474-1A3956D46DE8}") = "factory", "factory", "{8651FA6F-A6A0-4E18-9F62-3802D88077E3}"
EndProject
Project("{9A19103F-16F7-4668-BE54-9A1E7A4F7556}") = "factory-bakery", "creational-patterns\factory\factory-bakery\factory-bakery.csproj", "{8FF87D76-991A-40F9-AFDB-FCD87654A801}"
EndProject
Project("{9A19103F-16F7-4668-BE54-9A1E7A4F7556}") = "factory-generic", "creational-patterns\factory\factory-generic\factory-generic.csproj", "{4F1DACB3-8875-4269-8800-53702CB898F0}"
EndProject
Project("{2150E333-8FDC-42A3-9474-1A3956D46DE8}") = "prototype", "prototype", "{B64BE702-0418-46AC-AD49-DB0597C70A38}"
EndProject
Project("{9A19103F-16F7-4668-BE54-9A1E7A4F7556}") = "prototype-generic", "creational-patterns\prototype\prototype-generic\prototype-generic.csproj", "{B0373E7A-6E56-4013-BD61-951812AAE87F}"
EndProject
Project("{9A19103F-16F7-4668-BE54-9A1E7A4F7556}") = "prototype-plants", "creational-patterns\prototype\prototype-plants\prototype-plants.csproj", "{4E3F2FD3-1AFC-45BB-BFEA-0D76D59FC9DF}"
EndProject
Project("{2150E333-8FDC-42A3-9474-1A3956D46DE8}") = "singleton", "singleton", "{80978610-EF58-46A9-9AEA-DA3770E6D8E9}"
EndProject
Project("{9A19103F-16F7-4668-BE54-9A1E7A4F7556}") = "singleton-generic", "creational-patterns\singleton\singleton-generic\singleton-generic.csproj", "{68167BEA-A513-42AC-A3BA-904FFBA28A08}"
EndProject
Project("{9A19103F-16F7-4668-BE54-9A1E7A4F7556}") = "singleton-printer", "creational-patterns\singleton\singleton-printer\singleton-printer.csproj", "{D5099224-0219-4AC1-A1FE-B45A930DEE62}"
EndProject
Project("{2150E333-8FDC-42A3-9474-1A3956D46DE8}") = "structural-patterns", "structural-patterns", "{2DC0322E-D7D9-469C-9B71-7B2C40C7AB56}"
EndProject
Project("{2150E333-8FDC-42A3-9474-1A3956D46DE8}") = "adapter", "adapter", "{E5A56640-E347-4290-861D-AE79BAAD11B4}"
EndProject
Project("{9A19103F-16F7-4668-BE54-9A1E7A4F7556}") = "adapter-currency", "structural-patterns\adapter\adapter-currency\adapter-currency.csproj", "{3D7C649F-CB75-4ED6-A607-A8621ED27DCE}"
EndProject
Project("{9A19103F-16F7-4668-BE54-9A1E7A4F7556}") = "adapter-generic", "structural-patterns\adapter\adapter-generic\adapter-generic.csproj", "{1D7C5E36-E5F6-491C-B8F6-33AF4418A77D}"
EndProject
Project("{2150E333-8FDC-42A3-9474-1A3956D46DE8}") = "bridge", "bridge", "{23415808-E2E3-44C4-9A30-C0278191D73C}"
EndProject
Project("{9A19103F-16F7-4668-BE54-9A1E7A4F7556}") = "bridge-devices", "structural-patterns\bridge\bridge-devices\bridge-devices.csproj", "{7FA118BC-CF76-4F6F-8C7D-7B096AFD27BA}"
EndProject
Project("{9A19103F-16F7-4668-BE54-9A1E7A4F7556}") = "bridge-generic", "structural-patterns\bridge\bridge-generic\bridge-generic.csproj", "{F13648AC-4231-4C82-BCA7-291E513CDDFA}"
EndProject
Global
	GlobalSection(SolutionConfigurationPlatforms) = preSolution
		Debug|Any CPU = Debug|Any CPU
		Release|Any CPU = Release|Any CPU
	EndGlobalSection
	GlobalSection(ProjectConfigurationPlatforms) = postSolution
		{B368EAA7-E5D4-4FA0-A115-D614967AAA80}.Debug|Any CPU.ActiveCfg = Debug|Any CPU
		{B368EAA7-E5D4-4FA0-A115-D614967AAA80}.Debug|Any CPU.Build.0 = Debug|Any CPU
		{B368EAA7-E5D4-4FA0-A115-D614967AAA80}.Release|Any CPU.ActiveCfg = Release|Any CPU
		{B368EAA7-E5D4-4FA0-A115-D614967AAA80}.Release|Any CPU.Build.0 = Release|Any CPU
		{C1B1BF52-E1DA-4A87-B522-7BFCF71E887F}.Debug|Any CPU.ActiveCfg = Debug|Any CPU
		{C1B1BF52-E1DA-4A87-B522-7BFCF71E887F}.Debug|Any CPU.Build.0 = Debug|Any CPU
		{C1B1BF52-E1DA-4A87-B522-7BFCF71E887F}.Release|Any CPU.ActiveCfg = Release|Any CPU
		{C1B1BF52-E1DA-4A87-B522-7BFCF71E887F}.Release|Any CPU.Build.0 = Release|Any CPU
		{8B03CFB2-6BF3-4FC2-8210-7C0F8C8505E4}.Debug|Any CPU.ActiveCfg = Debug|Any CPU
		{8B03CFB2-6BF3-4FC2-8210-7C0F8C8505E4}.Debug|Any CPU.Build.0 = Debug|Any CPU
		{8B03CFB2-6BF3-4FC2-8210-7C0F8C8505E4}.Release|Any CPU.ActiveCfg = Release|Any CPU
		{8B03CFB2-6BF3-4FC2-8210-7C0F8C8505E4}.Release|Any CPU.Build.0 = Release|Any CPU
		{6DA68010-8873-45E6-A162-A944429F669E}.Debug|Any CPU.ActiveCfg = Debug|Any CPU
		{6DA68010-8873-45E6-A162-A944429F669E}.Debug|Any CPU.Build.0 = Debug|Any CPU
		{6DA68010-8873-45E6-A162-A944429F669E}.Release|Any CPU.ActiveCfg = Release|Any CPU
		{6DA68010-8873-45E6-A162-A944429F669E}.Release|Any CPU.Build.0 = Release|Any CPU
		{8FF87D76-991A-40F9-AFDB-FCD87654A801}.Debug|Any CPU.ActiveCfg = Debug|Any CPU
		{8FF87D76-991A-40F9-AFDB-FCD87654A801}.Debug|Any CPU.Build.0 = Debug|Any CPU
		{8FF87D76-991A-40F9-AFDB-FCD87654A801}.Release|Any CPU.ActiveCfg = Release|Any CPU
		{8FF87D76-991A-40F9-AFDB-FCD87654A801}.Release|Any CPU.Build.0 = Release|Any CPU
		{4F1DACB3-8875-4269-8800-53702CB898F0}.Debug|Any CPU.ActiveCfg = Debug|Any CPU
		{4F1DACB3-8875-4269-8800-53702CB898F0}.Debug|Any CPU.Build.0 = Debug|Any CPU
		{4F1DACB3-8875-4269-8800-53702CB898F0}.Release|Any CPU.ActiveCfg = Release|Any CPU
		{4F1DACB3-8875-4269-8800-53702CB898F0}.Release|Any CPU.Build.0 = Release|Any CPU
		{B0373E7A-6E56-4013-BD61-951812AAE87F}.Debug|Any CPU.ActiveCfg = Debug|Any CPU
		{B0373E7A-6E56-4013-BD61-951812AAE87F}.Debug|Any CPU.Build.0 = Debug|Any CPU
		{B0373E7A-6E56-4013-BD61-951812AAE87F}.Release|Any CPU.ActiveCfg = Release|Any CPU
		{B0373E7A-6E56-4013-BD61-951812AAE87F}.Release|Any CPU.Build.0 = Release|Any CPU
		{4E3F2FD3-1AFC-45BB-BFEA-0D76D59FC9DF}.Debug|Any CPU.ActiveCfg = Debug|Any CPU
		{4E3F2FD3-1AFC-45BB-BFEA-0D76D59FC9DF}.Debug|Any CPU.Build.0 = Debug|Any CPU
		{4E3F2FD3-1AFC-45BB-BFEA-0D76D59FC9DF}.Release|Any CPU.ActiveCfg = Release|Any CPU
		{4E3F2FD3-1AFC-45BB-BFEA-0D76D59FC9DF}.Release|Any CPU.Build.0 = Release|Any CPU
		{68167BEA-A513-42AC-A3BA-904FFBA28A08}.Debug|Any CPU.ActiveCfg = Debug|Any CPU
		{68167BEA-A513-42AC-A3BA-904FFBA28A08}.Debug|Any CPU.Build.0 = Debug|Any CPU
		{68167BEA-A513-42AC-A3BA-904FFBA28A08}.Release|Any CPU.ActiveCfg = Release|Any CPU
		{68167BEA-A513-42AC-A3BA-904FFBA28A08}.Release|Any CPU.Build.0 = Release|Any CPU
		{D5099224-0219-4AC1-A1FE-B45A930DEE62}.Debug|Any CPU.ActiveCfg = Debug|Any CPU
		{D5099224-0219-4AC1-A1FE-B45A930DEE62}.Debug|Any CPU.Build.0 = Debug|Any CPU
		{D5099224-0219-4AC1-A1FE-B45A930DEE62}.Release|Any CPU.ActiveCfg = Release|Any CPU
		{D5099224-0219-4AC1-A1FE-B45A930DEE62}.Release|Any CPU.Build.0 = Release|Any CPU
		{3D7C649F-CB75-4ED6-A607-A8621ED27DCE}.Debug|Any CPU.ActiveCfg = Debug|Any CPU
		{3D7C649F-CB75-4ED6-A607-A8621ED27DCE}.Debug|Any CPU.Build.0 = Debug|Any CPU
		{3D7C649F-CB75-4ED6-A607-A8621ED27DCE}.Release|Any CPU.ActiveCfg = Release|Any CPU
		{3D7C649F-CB75-4ED6-A607-A8621ED27DCE}.Release|Any CPU.Build.0 = Release|Any CPU
		{1D7C5E36-E5F6-491C-B8F6-33AF4418A77D}.Debug|Any CPU.ActiveCfg = Debug|Any CPU
		{1D7C5E36-E5F6-491C-B8F6-33AF4418A77D}.Debug|Any CPU.Build.0 = Debug|Any CPU
		{1D7C5E36-E5F6-491C-B8F6-33AF4418A77D}.Release|Any CPU.ActiveCfg = Release|Any CPU
		{1D7C5E36-E5F6-491C-B8F6-33AF4418A77D}.Release|Any CPU.Build.0 = Release|Any CPU
		{7FA118BC-CF76-4F6F-8C7D-7B096AFD27BA}.Debug|Any CPU.ActiveCfg = Debug|Any CPU
		{7FA118BC-CF76-4F6F-8C7D-7B096AFD27BA}.Debug|Any CPU.Build.0 = Debug|Any CPU
		{7FA118BC-CF76-4F6F-8C7D-7B096AFD27BA}.Release|Any CPU.ActiveCfg = Release|Any CPU
		{7FA118BC-CF76-4F6F-8C7D-7B096AFD27BA}.Release|Any CPU.Build.0 = Release|Any CPU
		{F13648AC-4231-4C82-BCA7-291E513CDDFA}.Debug|Any CPU.ActiveCfg = Debug|Any CPU
		{F13648AC-4231-4C82-BCA7-291E513CDDFA}.Debug|Any CPU.Build.0 = Debug|Any CPU
		{F13648AC-4231-4C82-BCA7-291E513CDDFA}.Release|Any CPU.ActiveCfg = Release|Any CPU
		{F13648AC-4231-4C82-BCA7-291E513CDDFA}.Release|Any CPU.Build.0 = Release|Any CPU
	EndGlobalSection
	GlobalSection(SolutionProperties) = preSolution
		HideSolutionNode = FALSE
	EndGlobalSection
	GlobalSection(NestedProjects) = preSolution
		{7D6EDF8A-E823-4047-A16B-E3B8E84696CA} = {9877D0F2-3C81-4574-806D-2CF86039A965}
		{B368EAA7-E5D4-4FA0-A115-D614967AAA80} = {7D6EDF8A-E823-4047-A16B-E3B8E84696CA}
		{C1B1BF52-E1DA-4A87-B522-7BFCF71E887F} = {7D6EDF8A-E823-4047-A16B-E3B8E84696CA}
		{8277E16B-E4B6-4386-A904-CE556E60BE76} = {9877D0F2-3C81-4574-806D-2CF86039A965}
		{8B03CFB2-6BF3-4FC2-8210-7C0F8C8505E4} = {8277E16B-E4B6-4386-A904-CE556E60BE76}
		{6DA68010-8873-45E6-A162-A944429F669E} = {8277E16B-E4B6-4386-A904-CE556E60BE76}
		{8651FA6F-A6A0-4E18-9F62-3802D88077E3} = {9877D0F2-3C81-4574-806D-2CF86039A965}
		{8FF87D76-991A-40F9-AFDB-FCD87654A801} = {8651FA6F-A6A0-4E18-9F62-3802D88077E3}
		{4F1DACB3-8875-4269-8800-53702CB898F0} = {8651FA6F-A6A0-4E18-9F62-3802D88077E3}
		{B64BE702-0418-46AC-AD49-DB0597C70A38} = {9877D0F2-3C81-4574-806D-2CF86039A965}
		{B0373E7A-6E56-4013-BD61-951812AAE87F} = {B64BE702-0418-46AC-AD49-DB0597C70A38}
		{4E3F2FD3-1AFC-45BB-BFEA-0D76D59FC9DF} = {B64BE702-0418-46AC-AD49-DB0597C70A38}
		{80978610-EF58-46A9-9AEA-DA3770E6D8E9} = {9877D0F2-3C81-4574-806D-2CF86039A965}
		{68167BEA-A513-42AC-A3BA-904FFBA28A08} = {80978610-EF58-46A9-9AEA-DA3770E6D8E9}
		{D5099224-0219-4AC1-A1FE-B45A930DEE62} = {80978610-EF58-46A9-9AEA-DA3770E6D8E9}
		{E5A56640-E347-4290-861D-AE79BAAD11B4} = {2DC0322E-D7D9-469C-9B71-7B2C40C7AB56}
		{3D7C649F-CB75-4ED6-A607-A8621ED27DCE} = {E5A56640-E347-4290-861D-AE79BAAD11B4}
		{1D7C5E36-E5F6-491C-B8F6-33AF4418A77D} = {E5A56640-E347-4290-861D-AE79BAAD11B4}
		{23415808-E2E3-44C4-9A30-C0278191D73C} = {2DC0322E-D7D9-469C-9B71-7B2C40C7AB56}
		{7FA118BC-CF76-4F6F-8C7D-7B096AFD27BA} = {23415808-E2E3-44C4-9A30-C0278191D73C}
		{F13648AC-4231-4C82-BCA7-291E513CDDFA} = {23415808-E2E3-44C4-9A30-C0278191D73C}
	EndGlobalSection
	GlobalSection(ExtensibilityGlobals) = postSolution
		SolutionGuid = {C76A98C0-4564-4FEC-9BB3-8E57E772E9DD}
	EndGlobalSection
EndGlobal
